
Microsoft Visual Studio Solution File, Format Version 12.00
# Visual Studio Version 16
VisualStudioVersion = 16.0.30907.101
MinimumVisualStudioVersion = 10.0.40219.1
Project("{9A19103F-16F7-4668-BE54-9A1E7A4F7556}") = "Metotlar1", "Metotlar1\Metotlar1.csproj", "{0158B7F4-4570-49BE-8AA8-229FA2CF77CC}"
EndProject
Project("{9A19103F-16F7-4668-BE54-9A1E7A4F7556}") = "Matematik1", "Matematik1\Matematik1.csproj", "{D0FBEB36-86DC-4C8E-94FA-D224E4938155}"
EndProject
Project("{FAE04EC0-301F-11D3-BF4B-00C04F79EFBC}") = "DegerVeReferansTipler1", "DegerVeReferansTipler\DegerVeReferansTipler1.csproj", "{75762436-B9DC-4876-8489-E8984CFF0E1F}"
EndProject
Global
	GlobalSection(SolutionConfigurationPlatforms) = preSolution
		Debug|Any CPU = Debug|Any CPU
		Release|Any CPU = Release|Any CPU
	EndGlobalSection
	GlobalSection(ProjectConfigurationPlatforms) = postSolution
		{0158B7F4-4570-49BE-8AA8-229FA2CF77CC}.Debug|Any CPU.ActiveCfg = Debug|Any CPU
		{0158B7F4-4570-49BE-8AA8-229FA2CF77CC}.Debug|Any CPU.Build.0 = Debug|Any CPU
		{0158B7F4-4570-49BE-8AA8-229FA2CF77CC}.Release|Any CPU.ActiveCfg = Release|Any CPU
		{0158B7F4-4570-49BE-8AA8-229FA2CF77CC}.Release|Any CPU.Build.0 = Release|Any CPU
		{D0FBEB36-86DC-4C8E-94FA-D224E4938155}.Debug|Any CPU.ActiveCfg = Debug|Any CPU
		{D0FBEB36-86DC-4C8E-94FA-D224E4938155}.Debug|Any CPU.Build.0 = Debug|Any CPU
		{D0FBEB36-86DC-4C8E-94FA-D224E4938155}.Release|Any CPU.ActiveCfg = Release|Any CPU
		{D0FBEB36-86DC-4C8E-94FA-D224E4938155}.Release|Any CPU.Build.0 = Release|Any CPU
		{75762436-B9DC-4876-8489-E8984CFF0E1F}.Debug|Any CPU.ActiveCfg = Debug|Any CPU
		{75762436-B9DC-4876-8489-E8984CFF0E1F}.Debug|Any CPU.Build.0 = Debug|Any CPU
		{75762436-B9DC-4876-8489-E8984CFF0E1F}.Release|Any CPU.ActiveCfg = Release|Any CPU
		{75762436-B9DC-4876-8489-E8984CFF0E1F}.Release|Any CPU.Build.0 = Release|Any CPU
	EndGlobalSection
	GlobalSection(SolutionProperties) = preSolution
		HideSolutionNode = FALSE
	EndGlobalSection
	GlobalSection(ExtensibilityGlobals) = postSolution
		SolutionGuid = {777092EC-4142-4270-A212-6CA94B6788B1}
	EndGlobalSection
EndGlobal
